version = 2

[[package]]
name = "lcl"
version = "0.1.0"
checksum = "02ce9566b9f68243ca49ee54ce003e93e9284e0ced938feab096127f18359ad1"

[package.source]
kind = "path"
path = "../.."

[package.dependencies]

[[package]]
name = "lcl_hello_example"
version = "0.1.0"
checksum = "3ec970725eb18e20a6886a2094ce1568e7c5e40d28de518150b56830515e71d6"

[package.source]
kind = "path"
path = "."

[package.dependencies.lcl]
path = "../.."
