version = 1

[[packages]]
name = "lcl"
version = "0.1.0"
source = "path+../.."
checksum = "bc16d359c48a446c0ee0e4e238fe519b9b2cd775ae828169ae4d0881c861d808"
dependencies = []

[[packages]]
name = "lcl_hello_example"
version = "0.1.0"
source = "path+."
checksum = "34772506a59a742dad57f869514d57bd767a438dad036ad99b72db74fe6d6d18"
dependencies = ["lcl"]
