version = 1

[[packages]]
name = "lcl"
version = "0.1.0"
source = "path+../.."
checksum = "c7a37fa68e2fb38ab2f024996108a9c643a022c945b396df32a1a5d01c6e6986"
dependencies = []

[[packages]]
name = "lcl_hello_example"
version = "0.1.0"
source = "path+."
checksum = "f05fdd2adac47ff75e012ba60d2f799c8d503b05a953bb1bfec227831519c440"
dependencies = ["lcl"]
