version = 2

[[package]]
name = "lcl"
version = "0.1.0"
checksum = "02ce9566b9f68243ca49ee54ce003e93e9284e0ced938feab096127f18359ad1"

[package.source]
kind = "path"
path = "../.."

[package.dependencies]

[[package]]
name = "lcl_input_events_example"
version = "0.1.0"
checksum = "0f7ce4fd8c6bd7e28f69d1b3405916226d2af58ec80301edf54d450134859a9d"

[package.source]
kind = "path"
path = "."

[package.dependencies.lcl]
path = "../.."
