version = 2

[[package]]
name = "lcl"
version = "0.1.0"
checksum = "02ce9566b9f68243ca49ee54ce003e93e9284e0ced938feab096127f18359ad1"

[package.source]
kind = "path"
path = "../.."

[package.dependencies]

[[package]]
name = "lcl_showcase_example"
version = "0.1.0"
checksum = "4dd6cab6b5e36730f373f6557edc694726e786e4b0eeef88e5c50b8b67998aa5"

[package.source]
kind = "path"
path = "."

[package.dependencies.lcl]
path = "../.."
