version = 2

[[package]]
name = "lcl"
version = "0.1.0"
checksum = "02ce9566b9f68243ca49ee54ce003e93e9284e0ced938feab096127f18359ad1"

[package.source]
kind = "path"
path = "../.."

[package.dependencies]

[[package]]
name = "lcl_application_example"
version = "0.1.0"
checksum = "47088d514d088d2d1f489c6da0d1159c41afa29c20bcac538db146fea3c9eb1f"

[package.source]
kind = "path"
path = "."

[package.dependencies.lcl]
path = "../.."
