version = 1

[[packages]]
name = "lcl"
version = "0.1.0"
source = "path+../.."
checksum = "d094e1745732cd1fe92dddea7a2f0fc24b4972e75f610ee198d140ee1fc281a0"
dependencies = []

[[packages]]
name = "lcl_application_example"
version = "0.1.0"
source = "path+."
checksum = "47088d514d088d2d1f489c6da0d1159c41afa29c20bcac538db146fea3c9eb1f"
dependencies = ["lcl"]
