version = 2

[[package]]
name = "lcl"
version = "0.1.0"
checksum = "02ce9566b9f68243ca49ee54ce003e93e9284e0ced938feab096127f18359ad1"

[package.source]
kind = "path"
path = "../.."

[package.dependencies]

[[package]]
name = "lcl_desktop_components_example"
version = "0.1.0"
checksum = "49a382871893b35a1cd9b85b6ed28219aa60b7c8233ab8ca941fcbd4a1162a46"

[package.source]
kind = "path"
path = "."

[package.dependencies.lcl]
path = "../.."
