version = 2

[[package]]
name = "lcl"
version = "0.1.0"
checksum = "02ce9566b9f68243ca49ee54ce003e93e9284e0ced938feab096127f18359ad1"

[package.source]
kind = "path"
path = "../.."

[package.dependencies]

[[package]]
name = "lcl_layout_example"
version = "0.1.0"
checksum = "e9d6d792c654b0b7c1ccc0abe1b30b7531f3d43bc4f1058bbdaac852698adf70"

[package.source]
kind = "path"
path = "."

[package.dependencies.lcl]
path = "../.."
