version = 1

[[packages]]
name = "lcl"
version = "0.1.0"
source = "path+../.."
checksum = "d094e1745732cd1fe92dddea7a2f0fc24b4972e75f610ee198d140ee1fc281a0"
dependencies = []

[[packages]]
name = "lcl_layout_example"
version = "0.1.0"
source = "path+."
checksum = "e9d6d792c654b0b7c1ccc0abe1b30b7531f3d43bc4f1058bbdaac852698adf70"
dependencies = ["lcl"]
